
Microsoft Visual Studio Solution File, Format Version 12.00
# Visual Studio Version 16
VisualStudioVersion = 16.0.29613.14
MinimumVisualStudioVersion = 10.0.40219.1
Project("{FAE04EC0-301F-11D3-BF4B-00C04F79EFBC}") = "Dmail", "Dmain\Dmail.csproj", "{3493B51E-944F-4085-BC15-387E603DB141}"
EndProject
Global
	GlobalSection(SolutionConfigurationPlatforms) = preSolution
		Debug|Any CPU = Debug|Any CPU
		Release|Any CPU = Release|Any CPU
	EndGlobalSection
	GlobalSection(ProjectConfigurationPlatforms) = postSolution
		{3493B51E-944F-4085-BC15-387E603DB141}.Debug|Any CPU.ActiveCfg = Debug|Any CPU
		{3493B51E-944F-4085-BC15-387E603DB141}.Debug|Any CPU.Build.0 = Debug|Any CPU
		{3493B51E-944F-4085-BC15-387E603DB141}.Release|Any CPU.ActiveCfg = Release|Any CPU
		{3493B51E-944F-4085-BC15-387E603DB141}.Release|Any CPU.Build.0 = Release|Any CPU
	EndGlobalSection
	GlobalSection(SolutionProperties) = preSolution
		HideSolutionNode = FALSE
	EndGlobalSection
	GlobalSection(ExtensibilityGlobals) = postSolution
		SolutionGuid = {808C7509-F682-4D22-B3FF-87522C3EC82B}
	EndGlobalSection
EndGlobal
